<?xml version="1.0" encoding="utf-8"?>
<Project ToolsVersion="4.0" xmlns="http://schemas.microsoft.com/developer/msbuild/2003">
  <ItemGroup>
    <Filter Include="源文件">
      <UniqueIdentifier>{4FC737F1-C7A5-4376-A066-2A32D752A2FF}</UniqueIdentifier>
      <Extensions>cpp;c;cc;cxx;def;odl;idl;hpj;bat;asm;asmx</Extensions>
    </Filter>
    <Filter Include="头文件">
      <UniqueIdentifier>{93995380-89BD-4b04-88EB-625FBE52EBFB}</UniqueIdentifier>
      <Extensions>h;hh;hpp;hxx;hm;inl;inc;ipp;xsd</Extensions>
    </Filter>
    <Filter Include="资源文件">
      <UniqueIdentifier>{67DA6AB6-F800-4c08-8B7A-83BB121AAD01}</UniqueIdentifier>
      <Extensions>rc;ico;cur;bmp;dlg;rc2;rct;bin;rgs;gif;jpg;jpeg;jpe;resx;tiff;tif;png;wav;mfcribbon-ms</Extensions>
    </Filter>
  </ItemGroup>
  <ItemGroup>
    <ClInclude Include="targetver.h">
      <Filter>头文件</Filter>
    </ClInclude>
    <ClInclude Include="Resource.h">
      <Filter>头文件</Filter>
    </ClInclude>
    <ClInclude Include="showHelp.hpp">
      <Filter>头文件</Filter>
    </ClInclude>
    <ClInclude Include="log.hpp">
      <Filter>头文件</Filter>
    </ClInclude>
    <ClInclude Include="Flappy Bird.hpp">
      <Filter>头文件</Filter>
    </ClInclude>
    <ClInclude Include="stdWCexception.hpp">
      <Filter>头文件</Filter>
    </ClInclude>
    <ClInclude Include="stdafx.h">
      <Filter>头文件</Filter>
    </ClInclude>
  </ItemGroup>
  <ItemGroup>
    <ClCompile Include="stdafx.cpp">
      <Filter>源文件</Filter>
    </ClCompile>
    <ClCompile Include="Flappy Bird.cpp">
      <Filter>源文件</Filter>
    </ClCompile>
    <ClCompile Include="showHelp.cpp">
      <Filter>源文件</Filter>
    </ClCompile>
    <ClCompile Include="stdWCexception.cpp">
      <Filter>源文件</Filter>
    </ClCompile>
  </ItemGroup>
  <ItemGroup>
    <ResourceCompile Include="Flappy Bird.rc">
      <Filter>资源文件</Filter>
    </ResourceCompile>
  </ItemGroup>
  <ItemGroup>
    <Image Include="Flappy Bird.ico">
      <Filter>资源文件</Filter>
    </Image>
    <Image Include="res\background.bmp">
      <Filter>资源文件</Filter>
    </Image>
    <Image Include="res\ground.bmp">
      <Filter>资源文件</Filter>
    </Image>
    <Image Include="res\restart.png">
      <Filter>资源文件</Filter>
    </Image>
    <Image Include="res\scoreboard.png">
      <Filter>资源文件</Filter>
    </Image>
    <Image Include="res\bird1.bmp">
      <Filter>资源文件</Filter>
    </Image>
    <Image Include="res\bird1_m.bmp">
      <Filter>资源文件</Filter>
    </Image>
    <Image Include="res\bird2.bmp">
      <Filter>资源文件</Filter>
    </Image>
    <Image Include="res\bird2_m.bmp">
      <Filter>资源文件</Filter>
    </Image>
    <Image Include="res\bird3.bmp">
      <Filter>资源文件</Filter>
    </Image>
    <Image Include="res\bird3_m.bmp">
      <Filter>资源文件</Filter>
    </Image>
    <Image Include="res\pipe_dn.bmp">
      <Filter>资源文件</Filter>
    </Image>
    <Image Include="res\pipe_dn_m.bmp">
      <Filter>资源文件</Filter>
    </Image>
    <Image Include="res\pipe_up.bmp">
      <Filter>资源文件</Filter>
    </Image>
    <Image Include="res\pipe_up_m.bmp">
      <Filter>资源文件</Filter>
    </Image>
    <Image Include="res\bronze_medal.png">
      <Filter>资源文件</Filter>
    </Image>
    <Image Include="res\golden_medal.png">
      <Filter>资源文件</Filter>
    </Image>
    <Image Include="res\platinum_medal.png">
      <Filter>资源文件</Filter>
    </Image>
    <Image Include="res\silver_medal.png">
      <Filter>资源文件</Filter>
    </Image>
    <Image Include="res\highscore.png">
      <Filter>资源文件</Filter>
    </Image>
    <Image Include="res\gameover.png">
      <Filter>资源文件</Filter>
    </Image>
    <Image Include="res\logo.png">
      <Filter>资源文件</Filter>
    </Image>
    <Image Include="res\hint.bmp">
      <Filter>资源文件</Filter>
    </Image>
    <Image Include="res\hint_m.bmp">
      <Filter>资源文件</Filter>
    </Image>
  </ItemGroup>
  <ItemGroup>
    <Font Include="res\font.ttf">
      <Filter>资源文件</Filter>
    </Font>
  </ItemGroup>
  <ItemGroup>
    <Media Include="res\die.wav">
      <Filter>资源文件</Filter>
    </Media>
    <Media Include="res\hit.wav">
      <Filter>资源文件</Filter>
    </Media>
    <Media Include="res\point.wav">
      <Filter>资源文件</Filter>
    </Media>
    <Media Include="res\wing.wav">
      <Filter>资源文件</Filter>
    </Media>
  </ItemGroup>
</Project>